# This file is automatically @generated by Cargo.
# It is not intended for manual editing.
version = 3

[[package]]
name = "aoc-2023"
version = "0.0.0"
dependencies = [
 "day-1",
 "day-2",
 "day-3",
 "day-4",
 "day-5",
 "day-6",
 "day-7",
]

[[package]]
name = "day-1"
version = "0.0.0"

[[package]]
name = "day-2"
version = "0.0.0"

[[package]]
name = "day-3"
version = "0.0.0"

[[package]]
name = "day-4"
version = "0.0.0"

[[package]]
name = "day-5"
version = "0.0.0"

[[package]]
name = "day-6"
version = "0.0.0"

[[package]]
name = "day-7"
version = "0.0.0"
